
Microsoft Visual Studio Solution File, Format Version 12.00
# Visual Studio Version 17
VisualStudioVersion = 17.0.31903.59
MinimumVisualStudioVersion = 10.0.40219.1
Project("{2150E333-8FDC-42A3-9474-1A3956D46DE8}") = "src", "src", "{827E0CD3-B72D-47B6-A68D-7590B98EB39B}"
EndProject
Project("{FAE04EC0-301F-11D3-BF4B-00C04F79EFBC}") = "Business", "src\Business\Business.csproj", "{A9CFE677-5C56-43A5-8728-03C59A1C73B1}"
EndProject
Project("{FAE04EC0-301F-11D3-BF4B-00C04F79EFBC}") = "Infrastructure", "src\Infrastructure\Infrastructure.csproj", "{10764D87-B3B6-4A5B-A900-E52B66DA967A}"
EndProject
Project("{FAE04EC0-301F-11D3-BF4B-00C04F79EFBC}") = "Data", "src\Data\Data.csproj", "{924C9B0F-3661-4A11-BAB3-689126929F84}"
EndProject
Project("{FAE04EC0-301F-11D3-BF4B-00C04F79EFBC}") = "Models", "src\Models\Models.csproj", "{C5E2AEDB-9B33-4B8B-A02A-5171A15ACC90}"
EndProject
Project("{FAE04EC0-301F-11D3-BF4B-00C04F79EFBC}") = "SharedKernel", "src\SharedKernel\SharedKernel.csproj", "{163D8E07-7AB5-43B5-B63C-B05FF7FAAF23}"
EndProject
Project("{FAE04EC0-301F-11D3-BF4B-00C04F79EFBC}") = "WebAPI", "src\WebAPI\WebAPI.csproj", "{6B610681-0359-4783-BB60-2CEBFCD63429}"
EndProject
Global
	GlobalSection(SolutionConfigurationPlatforms) = preSolution
		Debug|Any CPU = Debug|Any CPU
		Debug|x64 = Debug|x64
		Debug|x86 = Debug|x86
		Release|Any CPU = Release|Any CPU
		Release|x64 = Release|x64
		Release|x86 = Release|x86
	EndGlobalSection
	GlobalSection(ProjectConfigurationPlatforms) = postSolution
		{A9CFE677-5C56-43A5-8728-03C59A1C73B1}.Debug|Any CPU.ActiveCfg = Debug|Any CPU
		{A9CFE677-5C56-43A5-8728-03C59A1C73B1}.Debug|Any CPU.Build.0 = Debug|Any CPU
		{A9CFE677-5C56-43A5-8728-03C59A1C73B1}.Debug|x64.ActiveCfg = Debug|Any CPU
		{A9CFE677-5C56-43A5-8728-03C59A1C73B1}.Debug|x64.Build.0 = Debug|Any CPU
		{A9CFE677-5C56-43A5-8728-03C59A1C73B1}.Debug|x86.ActiveCfg = Debug|Any CPU
		{A9CFE677-5C56-43A5-8728-03C59A1C73B1}.Debug|x86.Build.0 = Debug|Any CPU
		{A9CFE677-5C56-43A5-8728-03C59A1C73B1}.Release|Any CPU.ActiveCfg = Release|Any CPU
		{A9CFE677-5C56-43A5-8728-03C59A1C73B1}.Release|Any CPU.Build.0 = Release|Any CPU
		{A9CFE677-5C56-43A5-8728-03C59A1C73B1}.Release|x64.ActiveCfg = Release|Any CPU
		{A9CFE677-5C56-43A5-8728-03C59A1C73B1}.Release|x64.Build.0 = Release|Any CPU
		{A9CFE677-5C56-43A5-8728-03C59A1C73B1}.Release|x86.ActiveCfg = Release|Any CPU
		{A9CFE677-5C56-43A5-8728-03C59A1C73B1}.Release|x86.Build.0 = Release|Any CPU
		{10764D87-B3B6-4A5B-A900-E52B66DA967A}.Debug|Any CPU.ActiveCfg = Debug|Any CPU
		{10764D87-B3B6-4A5B-A900-E52B66DA967A}.Debug|Any CPU.Build.0 = Debug|Any CPU
		{10764D87-B3B6-4A5B-A900-E52B66DA967A}.Debug|x64.ActiveCfg = Debug|Any CPU
		{10764D87-B3B6-4A5B-A900-E52B66DA967A}.Debug|x64.Build.0 = Debug|Any CPU
		{10764D87-B3B6-4A5B-A900-E52B66DA967A}.Debug|x86.ActiveCfg = Debug|Any CPU
		{10764D87-B3B6-4A5B-A900-E52B66DA967A}.Debug|x86.Build.0 = Debug|Any CPU
		{10764D87-B3B6-4A5B-A900-E52B66DA967A}.Release|Any CPU.ActiveCfg = Release|Any CPU
		{10764D87-B3B6-4A5B-A900-E52B66DA967A}.Release|Any CPU.Build.0 = Release|Any CPU
		{10764D87-B3B6-4A5B-A900-E52B66DA967A}.Release|x64.ActiveCfg = Release|Any CPU
		{10764D87-B3B6-4A5B-A900-E52B66DA967A}.Release|x64.Build.0 = Release|Any CPU
		{10764D87-B3B6-4A5B-A900-E52B66DA967A}.Release|x86.ActiveCfg = Release|Any CPU
		{10764D87-B3B6-4A5B-A900-E52B66DA967A}.Release|x86.Build.0 = Release|Any CPU
		{924C9B0F-3661-4A11-BAB3-689126929F84}.Debug|Any CPU.ActiveCfg = Debug|Any CPU
		{924C9B0F-3661-4A11-BAB3-689126929F84}.Debug|Any CPU.Build.0 = Debug|Any CPU
		{924C9B0F-3661-4A11-BAB3-689126929F84}.Debug|x64.ActiveCfg = Debug|Any CPU
		{924C9B0F-3661-4A11-BAB3-689126929F84}.Debug|x64.Build.0 = Debug|Any CPU
		{924C9B0F-3661-4A11-BAB3-689126929F84}.Debug|x86.ActiveCfg = Debug|Any CPU
		{924C9B0F-3661-4A11-BAB3-689126929F84}.Debug|x86.Build.0 = Debug|Any CPU
		{924C9B0F-3661-4A11-BAB3-689126929F84}.Release|Any CPU.ActiveCfg = Release|Any CPU
		{924C9B0F-3661-4A11-BAB3-689126929F84}.Release|Any CPU.Build.0 = Release|Any CPU
		{924C9B0F-3661-4A11-BAB3-689126929F84}.Release|x64.ActiveCfg = Release|Any CPU
		{924C9B0F-3661-4A11-BAB3-689126929F84}.Release|x64.Build.0 = Release|Any CPU
		{924C9B0F-3661-4A11-BAB3-689126929F84}.Release|x86.ActiveCfg = Release|Any CPU
		{924C9B0F-3661-4A11-BAB3-689126929F84}.Release|x86.Build.0 = Release|Any CPU
		{C5E2AEDB-9B33-4B8B-A02A-5171A15ACC90}.Debug|Any CPU.ActiveCfg = Debug|Any CPU
		{C5E2AEDB-9B33-4B8B-A02A-5171A15ACC90}.Debug|Any CPU.Build.0 = Debug|Any CPU
		{C5E2AEDB-9B33-4B8B-A02A-5171A15ACC90}.Debug|x64.ActiveCfg = Debug|Any CPU
		{C5E2AEDB-9B33-4B8B-A02A-5171A15ACC90}.Debug|x64.Build.0 = Debug|Any CPU
		{C5E2AEDB-9B33-4B8B-A02A-5171A15ACC90}.Debug|x86.ActiveCfg = Debug|Any CPU
		{C5E2AEDB-9B33-4B8B-A02A-5171A15ACC90}.Debug|x86.Build.0 = Debug|Any CPU
		{C5E2AEDB-9B33-4B8B-A02A-5171A15ACC90}.Release|Any CPU.ActiveCfg = Release|Any CPU
		{C5E2AEDB-9B33-4B8B-A02A-5171A15ACC90}.Release|Any CPU.Build.0 = Release|Any CPU
		{C5E2AEDB-9B33-4B8B-A02A-5171A15ACC90}.Release|x64.ActiveCfg = Release|Any CPU
		{C5E2AEDB-9B33-4B8B-A02A-5171A15ACC90}.Release|x64.Build.0 = Release|Any CPU
		{C5E2AEDB-9B33-4B8B-A02A-5171A15ACC90}.Release|x86.ActiveCfg = Release|Any CPU
		{C5E2AEDB-9B33-4B8B-A02A-5171A15ACC90}.Release|x86.Build.0 = Release|Any CPU
		{163D8E07-7AB5-43B5-B63C-B05FF7FAAF23}.Debug|Any CPU.ActiveCfg = Debug|Any CPU
		{163D8E07-7AB5-43B5-B63C-B05FF7FAAF23}.Debug|Any CPU.Build.0 = Debug|Any CPU
		{163D8E07-7AB5-43B5-B63C-B05FF7FAAF23}.Debug|x64.ActiveCfg = Debug|Any CPU
		{163D8E07-7AB5-43B5-B63C-B05FF7FAAF23}.Debug|x64.Build.0 = Debug|Any CPU
		{163D8E07-7AB5-43B5-B63C-B05FF7FAAF23}.Debug|x86.ActiveCfg = Debug|Any CPU
		{163D8E07-7AB5-43B5-B63C-B05FF7FAAF23}.Debug|x86.Build.0 = Debug|Any CPU
		{163D8E07-7AB5-43B5-B63C-B05FF7FAAF23}.Release|Any CPU.ActiveCfg = Release|Any CPU
		{163D8E07-7AB5-43B5-B63C-B05FF7FAAF23}.Release|Any CPU.Build.0 = Release|Any CPU
		{163D8E07-7AB5-43B5-B63C-B05FF7FAAF23}.Release|x64.ActiveCfg = Release|Any CPU
		{163D8E07-7AB5-43B5-B63C-B05FF7FAAF23}.Release|x64.Build.0 = Release|Any CPU
		{163D8E07-7AB5-43B5-B63C-B05FF7FAAF23}.Release|x86.ActiveCfg = Release|Any CPU
		{163D8E07-7AB5-43B5-B63C-B05FF7FAAF23}.Release|x86.Build.0 = Release|Any CPU
		{6B610681-0359-4783-BB60-2CEBFCD63429}.Debug|Any CPU.ActiveCfg = Debug|Any CPU
		{6B610681-0359-4783-BB60-2CEBFCD63429}.Debug|Any CPU.Build.0 = Debug|Any CPU
		{6B610681-0359-4783-BB60-2CEBFCD63429}.Debug|x64.ActiveCfg = Debug|Any CPU
		{6B610681-0359-4783-BB60-2CEBFCD63429}.Debug|x64.Build.0 = Debug|Any CPU
		{6B610681-0359-4783-BB60-2CEBFCD63429}.Debug|x86.ActiveCfg = Debug|Any CPU
		{6B610681-0359-4783-BB60-2CEBFCD63429}.Debug|x86.Build.0 = Debug|Any CPU
		{6B610681-0359-4783-BB60-2CEBFCD63429}.Release|Any CPU.ActiveCfg = Release|Any CPU
		{6B610681-0359-4783-BB60-2CEBFCD63429}.Release|Any CPU.Build.0 = Release|Any CPU
		{6B610681-0359-4783-BB60-2CEBFCD63429}.Release|x64.ActiveCfg = Release|Any CPU
		{6B610681-0359-4783-BB60-2CEBFCD63429}.Release|x64.Build.0 = Release|Any CPU
		{6B610681-0359-4783-BB60-2CEBFCD63429}.Release|x86.ActiveCfg = Release|Any CPU
		{6B610681-0359-4783-BB60-2CEBFCD63429}.Release|x86.Build.0 = Release|Any CPU
	EndGlobalSection
	GlobalSection(SolutionProperties) = preSolution
		HideSolutionNode = FALSE
	EndGlobalSection
	GlobalSection(NestedProjects) = preSolution
		{A9CFE677-5C56-43A5-8728-03C59A1C73B1} = {827E0CD3-B72D-47B6-A68D-7590B98EB39B}
		{10764D87-B3B6-4A5B-A900-E52B66DA967A} = {827E0CD3-B72D-47B6-A68D-7590B98EB39B}
		{924C9B0F-3661-4A11-BAB3-689126929F84} = {827E0CD3-B72D-47B6-A68D-7590B98EB39B}
		{C5E2AEDB-9B33-4B8B-A02A-5171A15ACC90} = {827E0CD3-B72D-47B6-A68D-7590B98EB39B}
		{163D8E07-7AB5-43B5-B63C-B05FF7FAAF23} = {827E0CD3-B72D-47B6-A68D-7590B98EB39B}
		{6B610681-0359-4783-BB60-2CEBFCD63429} = {827E0CD3-B72D-47B6-A68D-7590B98EB39B}
	EndGlobalSection
	GlobalSection(ExtensibilityGlobals) = postSolution
		SolutionGuid = {5A0BE258-7795-4D7F-87D5-6883DC72F902}
	EndGlobalSection
EndGlobal
